{
  "name": "hearthshelf-qg-server",
  "version": "0.1.0",
  "lockfileVersion": 3,
  "requires": true,
  "packages": {
    "": {
      "name": "hearthshelf-qg-server",
      "version": "0.1.0",
      "dependencies": {
        "@github/copilot-sdk": "1.0.16",
        "@hearthshelf/core": "file:../packages/core",
        "@libsql/client": "^0.18.0",
        "adm-zip": "^0.6.1",
        "jose": "^6.2.12",
        "mailparser": "^3.9.32",
        "smtp-server": "^3.19.16"
      }
    },
    "../packages/core": {
      "name": "@hearthshelf/core",
      "version": "0.1.0",
      "license": "MIT",
      "devDependencies": {
        "prettier": "^3.9.9",
        "typescript": "^7.0.2"
      }
    },
    "node_modules/@github/copilot-sdk": {
      "version": "1.0.16",
      "resolved": "https://registry.npmjs.org/@github/copilot-sdk/-/copilot-sdk-1.0.16.tgz",
      "integrity": "sha512-m21UkMs8hkI6nRu2+EoP1kAGLJcEXFnNzAokEjwLcVmPojlO6fdLpfka1c1Nypxr39YZjyI3jHHAXwoe66SO2A==",
      "license": "MIT",
      "dependencies": {
        "koffi": "3.2.1",
        "vscode-jsonrpc": "8.2.1",
        "zod": "4.3.6"
      },
      "engines": {
        "node": "^20.19.0 || >=22.12.0"
      },
      "optionalDependencies": {
        "@github/copilot-sdk-darwin-arm64": "1.0.16",
        "@github/copilot-sdk-darwin-x64": "1.0.16",
        "@github/copilot-sdk-linux-arm64": "1.0.16",
        "@github/copilot-sdk-linux-x64": "1.0.16",
        "@github/copilot-sdk-linuxmusl-arm64": "1.0.16",
        "@github/copilot-sdk-linuxmusl-x64": "1.0.16",
        "@github/copilot-sdk-win32-arm64": "1.0.16",
        "@github/copilot-sdk-win32-x64": "1.0.16"
      }
    },
    "node_modules/@github/copilot-sdk-darwin-arm64": {
      "version": "1.0.16",
      "resolved": "https://registry.npmjs.org/@github/copilot-sdk-darwin-arm64/-/copilot-sdk-darwin-arm64-1.0.16.tgz",
      "integrity": "sha512-+ACscTN4OuSYDQL7/1yoi1FfDeI8qNlekip+dt2hvb9ZC4rz3YNVrhWkzrZsc7gX1ATD0YHGp71JDKqNAxHmBg==",
      "cpu": [
        "arm64"
      ],
      "license": "MIT",
      "optional": true,
      "os": [
        "darwin"
      ]
    },
    "node_modules/@github/copilot-sdk-darwin-x64": {
      "version": "1.0.16",
      "resolved": "https://registry.npmjs.org/@github/copilot-sdk-darwin-x64/-/copilot-sdk-darwin-x64-1.0.16.tgz",
      "integrity": "sha512-M+R5xi4hqSrzbf+ICloMfiotuDch7URzPwL+5I4q1gy1VlY1EqpD39HW9LbqqB68iOqMRnW3anE+kzb5PYxFjA==",
      "cpu": [
        "x64"
      ],
      "license": "MIT",
      "optional": true,
      "os": [
        "darwin"
      ]
    },
    "node_modules/@github/copilot-sdk-linux-arm64": {
      "version": "1.0.16",
      "resolved": "https://registry.npmjs.org/@github/copilot-sdk-linux-arm64/-/copilot-sdk-linux-arm64-1.0.16.tgz",
      "integrity": "sha512-AjtL7pnhc0OajCO9NV963gwqFHiwIKIZEwpRd5tmGgB/Yc+Rr6QdRsc5ZMNe75ptagnVqViVqiTr9g/EnRspXw==",
      "cpu": [
        "arm64"
      ],
      "libc": [
        "glibc"
      ],
      "license": "MIT",
      "optional": true,
      "os": [
        "linux"
      ]
    },
    "node_modules/@github/copilot-sdk-linux-x64": {
      "version": "1.0.16",
      "resolved": "https://registry.npmjs.org/@github/copilot-sdk-linux-x64/-/copilot-sdk-linux-x64-1.0.16.tgz",
      "integrity": "sha512-YLxPU1IdwH4cNvIJhawzyb6nMCbXB6ZfeebUs0kQEJbu6pzsMkyl1uSWCCv1vpAHPuhub1BgMokoY1kX9chElg==",
      "cpu": [
        "x64"
      ],
      "libc": [
        "glibc"
      ],
      "license": "MIT",
      "optional": true,
      "os": [
        "linux"
      ]
    },
    "node_modules/@github/copilot-sdk-linuxmusl-arm64": {
      "version": "1.0.16",
      "resolved": "https://registry.npmjs.org/@github/copilot-sdk-linuxmusl-arm64/-/copilot-sdk-linuxmusl-arm64-1.0.16.tgz",
      "integrity": "sha512-hkHq6WSj5ug5JdDKrLxMbDyjp5wx6zbsn3swZcC6fy6lFSJMX2kCG7PivcOq1Uj7o/POiN/DhhJqvQxOGuX1IA==",
      "cpu": [
        "arm64"
      ],
      "libc": [
        "musl"
      ],
      "license": "MIT",
      "optional": true,
      "os": [
        "linux"
      ]
    },
    "node_modules/@github/copilot-sdk-linuxmusl-x64": {
      "version": "1.0.16",
      "resolved": "https://registry.npmjs.org/@github/copilot-sdk-linuxmusl-x64/-/copilot-sdk-linuxmusl-x64-1.0.16.tgz",
      "integrity": "sha512-JWjzUi366WXGqdY9xIJvmJRTB+sCsW8qasVwLXj12X05GxYWMdfHK+7t8CiYTs2L1NKu1NiOYd5rS7D+ChSZyw==",
      "cpu": [
        "x64"
      ],
      "libc": [
        "musl"
      ],
      "license": "MIT",
      "optional": true,
      "os": [
        "linux"
      ]
    },
    "node_modules/@github/copilot-sdk-win32-arm64": {
      "version": "1.0.16",
      "resolved": "https://registry.npmjs.org/@github/copilot-sdk-win32-arm64/-/copilot-sdk-win32-arm64-1.0.16.tgz",
      "integrity": "sha512-nQ//JXHfPfn4sfxtZ3rcLR993Mn8YQkC/RXHW9zu0W4Qtb1kyKec7XSi+VRMsKWPyzL7B7X+SHjTRSmn9AqZnQ==",
      "cpu": [
        "arm64"
      ],
      "license": "MIT",
      "optional": true,
      "os": [
        "win32"
      ]
    },
    "node_modules/@github/copilot-sdk-win32-x64": {
      "version": "1.0.16",
      "resolved": "https://registry.npmjs.org/@github/copilot-sdk-win32-x64/-/copilot-sdk-win32-x64-1.0.16.tgz",
      "integrity": "sha512-x9JyZks9NqmMNWkAI1wNcbvuPiMUUOvaU6tWq+nzp/TFdowW/kgaMX3jebnxeNUq/gqi2rPabRHp/cCMCma8eA==",
      "cpu": [
        "x64"
      ],
      "license": "MIT",
      "optional": true,
      "os": [
        "win32"
      ]
    },
    "node_modules/@hearthshelf/core": {
      "resolved": "../packages/core",
      "link": true
    },
    "node_modules/@koromix/koffi-android-arm64": {
      "version": "3.2.1",
      "resolved": "https://registry.npmjs.org/@koromix/koffi-android-arm64/-/koffi-android-arm64-3.2.1.tgz",
      "integrity": "sha512-1pJQ4jnZlUJduK9u9DC5CGy3aOgDUPvIXpNb6syV3+Dh5Q/ugezAIGCqvY+w+1mgXsve0pd0NVvJRjdZNHQ6MA==",
      "cpu": [
        "arm64"
      ],
      "license": "MIT",
      "optional": true,
      "os": [
        "android"
      ],
      "funding": {
        "url": "https://liberapay.com/Koromix"
      }
    },
    "node_modules/@koromix/koffi-android-x64": {
      "version": "3.2.1",
      "resolved": "https://registry.npmjs.org/@koromix/koffi-android-x64/-/koffi-android-x64-3.2.1.tgz",
      "integrity": "sha512-HH40xGh3gVQifjOBnhwT2tECC0lL1lYe+nxHvWNSzxDIyQNcVPXg38ta7vuONRFpD+uIrw7fqGYLzbZIagkVcg==",
      "cpu": [
        "x64"
      ],
      "license": "MIT",
      "optional": true,
      "os": [
        "android"
      ],
      "funding": {
        "url": "https://liberapay.com/Koromix"
      }
    },
    "node_modules/@koromix/koffi-darwin-arm64": {
      "version": "3.2.1",
      "resolved": "https://registry.npmjs.org/@koromix/koffi-darwin-arm64/-/koffi-darwin-arm64-3.2.1.tgz",
      "integrity": "sha512-Vj4h+xcjc5+Cn0DhPHjgRX4omKAv96Kehtcd+1YgYuY2W7FvQn9vS+3SmzVwhC5Qmg9bIwUZObYQ8T/4hBqQqA==",
      "cpu": [
        "arm64"
      ],
      "license": "MIT",
      "optional": true,
      "os": [
        "darwin"
      ],
      "funding": {
        "url": "https://liberapay.com/Koromix"
      }
    },
    "node_modules/@koromix/koffi-darwin-x64": {
      "version": "3.2.1",
      "resolved": "https://registry.npmjs.org/@koromix/koffi-darwin-x64/-/koffi-darwin-x64-3.2.1.tgz",
      "integrity": "sha512-gFCWxNBTZIvxo1p+PURWfsy2Ctj5FGnVVs1f03lTLhBvmxEto70pdIiFztdFLDFkAJ1pmtQmruRKapeK+E8YPA==",
      "cpu": [
        "x64"
      ],
      "license": "MIT",
      "optional": true,
      "os": [
        "darwin"
      ],
      "funding": {
        "url": "https://liberapay.com/Koromix"
      }
    },
    "node_modules/@koromix/koffi-freebsd-arm64": {
      "version": "3.2.1",
      "resolved": "https://registry.npmjs.org/@koromix/koffi-freebsd-arm64/-/koffi-freebsd-arm64-3.2.1.tgz",
      "integrity": "sha512-qj+f1s2e6vULaUG1cdlTcCXmunCq2t+rjxku1+esaMIqVnHpOwj0QzPuInG0AFdXjwBNQhyVR/HpDj8daEwwsQ==",
      "cpu": [
        "arm64"
      ],
      "license": "MIT",
      "optional": true,
      "os": [
        "freebsd"
      ],
      "funding": {
        "url": "https://liberapay.com/Koromix"
      }
    },
    "node_modules/@koromix/koffi-freebsd-ia32": {
      "version": "3.2.1",
      "resolved": "https://registry.npmjs.org/@koromix/koffi-freebsd-ia32/-/koffi-freebsd-ia32-3.2.1.tgz",
      "integrity": "sha512-6olHb1Qfgai0jjs6ddlDDD0ZfsCxy7SPi8rMRpuYQWH0qhgtyQu82hw5b1p7z+TJ0zZP3ZeQQ6l+U/MlM1ICHQ==",
      "cpu": [
        "ia32"
      ],
      "license": "MIT",
      "optional": true,
      "os": [
        "freebsd"
      ],
      "funding": {
        "url": "https://liberapay.com/Koromix"
      }
    },
    "node_modules/@koromix/koffi-freebsd-x64": {
      "version": "3.2.1",
      "resolved": "https://registry.npmjs.org/@koromix/koffi-freebsd-x64/-/koffi-freebsd-x64-3.2.1.tgz",
      "integrity": "sha512-Dikhw1ySYNVMkmeFvFVjnU5Wdk6mffNoOjJxm9bTG96vg7OlemylxqdEven47R1YJ3yzNVJn/MlQ207ORWfi2w==",
      "cpu": [
        "x64"
      ],
      "license": "MIT",
      "optional": true,
      "os": [
        "freebsd"
      ],
      "funding": {
        "url": "https://liberapay.com/Koromix"
      }
    },
    "node_modules/@koromix/koffi-linux-arm": {
      "version": "3.2.1",
      "resolved": "https://registry.npmjs.org/@koromix/koffi-linux-arm/-/koffi-linux-arm-3.2.1.tgz",
      "integrity": "sha512-OfwUwZylidq95wQKp6ClInULrfB2giu7dqM6Rhe0zAe6lES5I2SXNw15T9+GnRHk3/9hKT2XZ37OZLaKSyWNLA==",
      "cpu": [
        "arm"
      ],
      "license": "MIT",
      "optional": true,
      "os": [
        "linux"
      ],
      "funding": {
        "url": "https://liberapay.com/Koromix"
      }
    },
    "node_modules/@koromix/koffi-linux-arm64": {
      "version": "3.2.1",
      "resolved": "https://registry.npmjs.org/@koromix/koffi-linux-arm64/-/koffi-linux-arm64-3.2.1.tgz",
      "integrity": "sha512-K+cGUL5iBcDqxmsocrjmlASqDf24gc7artbVW3PewG2c9AqwC63lezgwvB85Nx4lZAQjB6zIFHh9A7t1yGbwhw==",
      "cpu": [
        "arm64"
      ],
      "license": "MIT",
      "optional": true,
      "os": [
        "linux"
      ],
      "funding": {
        "url": "https://liberapay.com/Koromix"
      }
    },
    "node_modules/@koromix/koffi-linux-ia32": {
      "version": "3.2.1",
      "resolved": "https://registry.npmjs.org/@koromix/koffi-linux-ia32/-/koffi-linux-ia32-3.2.1.tgz",
      "integrity": "sha512-rxj6UYjU1qd98gxNQOSCdLpc5cPRi5Giq9rNd3jnGuSNIyMkwa6Dxw4cUjmhIBCYESMJtmNt5NWnJp5u9wTfYQ==",
      "cpu": [
        "ia32"
      ],
      "license": "MIT",
      "optional": true,
      "os": [
        "linux"
      ],
      "funding": {
        "url": "https://liberapay.com/Koromix"
      }
    },
    "node_modules/@koromix/koffi-linux-loong64": {
      "version": "3.2.1",
      "resolved": "https://registry.npmjs.org/@koromix/koffi-linux-loong64/-/koffi-linux-loong64-3.2.1.tgz",
      "integrity": "sha512-aHhnHzkPRmT/IHDlGvESJ/Bs32m8N6UE6Ab6kMeJzgk74IN8af2m/81/wZJtybR1M2UxCV4NmlVNUYQQvSAO3Q==",
      "cpu": [
        "loong64"
      ],
      "license": "MIT",
      "optional": true,
      "os": [
        "linux"
      ],
      "funding": {
        "url": "https://liberapay.com/Koromix"
      }
    },
    "node_modules/@koromix/koffi-linux-riscv64": {
      "version": "3.2.1",
      "resolved": "https://registry.npmjs.org/@koromix/koffi-linux-riscv64/-/koffi-linux-riscv64-3.2.1.tgz",
      "integrity": "sha512-qtQBsjbm3LiirLJvajWmKkNb7ARk7fvJVXdftJ7NtAnF3Xw8EbDvrtvmvtNI1yLPlYcBmlzCCD71hwhWYk0SIA==",
      "cpu": [
        "riscv64"
      ],
      "license": "MIT",
      "optional": true,
      "os": [
        "linux"
      ],
      "funding": {
        "url": "https://liberapay.com/Koromix"
      }
    },
    "node_modules/@koromix/koffi-linux-x64": {
      "version": "3.2.1",
      "resolved": "https://registry.npmjs.org/@koromix/koffi-linux-x64/-/koffi-linux-x64-3.2.1.tgz",
      "integrity": "sha512-c7hw7Qs/r5gnFRTQLcbifBwRU7wiocj+2pVuDQ5Ahb3r36SZmupmgYbTWcLvTW+hul1jd7SKRV0d14ZJq/tvSw==",
      "cpu": [
        "x64"
      ],
      "license": "MIT",
      "optional": true,
      "os": [
        "linux"
      ],
      "funding": {
        "url": "https://liberapay.com/Koromix"
      }
    },
    "node_modules/@koromix/koffi-openbsd-ia32": {
      "version": "3.2.1",
      "resolved": "https://registry.npmjs.org/@koromix/koffi-openbsd-ia32/-/koffi-openbsd-ia32-3.2.1.tgz",
      "integrity": "sha512-mmY8fY8LQ/CB52+h3yrMYmVyoxzW3x08S0yI6VNfHWdfU6yJtZkKCbhjmQCYMrWbYKC4gMvwZwCywIGPAkLyeA==",
      "cpu": [
        "ia32"
      ],
      "license": "MIT",
      "optional": true,
      "os": [
        "openbsd"
      ],
      "funding": {
        "url": "https://liberapay.com/Koromix"
      }
    },
    "node_modules/@koromix/koffi-openbsd-x64": {
      "version": "3.2.1",
      "resolved": "https://registry.npmjs.org/@koromix/koffi-openbsd-x64/-/koffi-openbsd-x64-3.2.1.tgz",
      "integrity": "sha512-k4ig6aAPbFSRATOIIOfdf/KtlOGH4SVls6L9fy0QnTxRJYvY2oSltTsQtBDANgEQldlq8Kl5WnpRa1VSibP4Lw==",
      "cpu": [
        "x64"
      ],
      "license": "MIT",
      "optional": true,
      "os": [
        "openbsd"
      ],
      "funding": {
        "url": "https://liberapay.com/Koromix"
      }
    },
    "node_modules/@koromix/koffi-win32-arm64": {
      "version": "3.2.1",
      "resolved": "https://registry.npmjs.org/@koromix/koffi-win32-arm64/-/koffi-win32-arm64-3.2.1.tgz",
      "integrity": "sha512-cTWBJGK//pDMeKQJE/79Aq9MiOAF4H8QyLZHSQ9IWm8czOfwjG4J1AhsQ9DjI9KFOykH77hhnpmQTGVMIubGig==",
      "cpu": [
        "arm64"
      ],
      "license": "MIT",
      "optional": true,
      "os": [
        "win32"
      ],
      "funding": {
        "url": "https://liberapay.com/Koromix"
      }
    },
    "node_modules/@koromix/koffi-win32-ia32": {
      "version": "3.2.1",
      "resolved": "https://registry.npmjs.org/@koromix/koffi-win32-ia32/-/koffi-win32-ia32-3.2.1.tgz",
      "integrity": "sha512-Z50EM6TAZ7CFyMmyX6thv8eNpJchqe9eenhibSIy2Eq/FQYF76gU2VK/LEoaF46L8hfC7TpTp9b10MvReHEyFA==",
      "cpu": [
        "ia32"
      ],
      "license": "MIT",
      "optional": true,
      "os": [
        "win32"
      ],
      "funding": {
        "url": "https://liberapay.com/Koromix"
      }
    },
    "node_modules/@koromix/koffi-win32-x64": {
      "version": "3.2.1",
      "resolved": "https://registry.npmjs.org/@koromix/koffi-win32-x64/-/koffi-win32-x64-3.2.1.tgz",
      "integrity": "sha512-ZmZNiBO6bkOSh3QNzgfvb1cMY0yMobn6ZQrSMqbAce21qyYL8niIbyipz9N/PIRDciGhsV0wUxnZsxIO+yWsHQ==",
      "cpu": [
        "x64"
      ],
      "license": "MIT",
      "optional": true,
      "os": [
        "win32"
      ],
      "funding": {
        "url": "https://liberapay.com/Koromix"
      }
    },
    "node_modules/@libsql/client": {
      "version": "0.18.0",
      "resolved": "https://registry.npmjs.org/@libsql/client/-/client-0.18.0.tgz",
      "integrity": "sha512-zMCCo58vv7w27j7+cnt/GW+X6/Rih6cHZ86PKi0AxCMOqMfrVgG9OZ5lW2bDMJhSeOjsv2szH2nJF3A9l36UmA==",
      "license": "MIT",
      "dependencies": {
        "@libsql/core": "^0.18.0",
        "@libsql/hrana-client": "^0.10.0",
        "js-base64": "^3.7.5",
        "libsql": "^0.5.28",
        "promise-limit": "^2.7.0"
      }
    },
    "node_modules/@libsql/core": {
      "version": "0.18.0",
      "resolved": "https://registry.npmjs.org/@libsql/core/-/core-0.18.0.tgz",
      "integrity": "sha512-N8RR2CIpcgtbKZnXs2KVpw2lJQfinUj3I56e7qRDRpK18Hty0Rr8nr00VmFb4R/DsqOanPB/TaP3+QAQLZeXMg==",
      "license": "MIT",
      "dependencies": {
        "js-base64": "^3.7.5"
      }
    },
    "node_modules/@libsql/darwin-arm64": {
      "version": "0.5.29",
      "resolved": "https://registry.npmjs.org/@libsql/darwin-arm64/-/darwin-arm64-0.5.29.tgz",
      "integrity": "sha512-K+2RIB1OGFPYQbfay48GakLhqf3ArcbHqPFu7EZiaUcRgFcdw8RoltsMyvbj5ix2fY0HV3Q3Ioa/ByvQdaSM0A==",
      "cpu": [
        "arm64"
      ],
      "license": "MIT",
      "optional": true,
      "os": [
        "darwin"
      ]
    },
    "node_modules/@libsql/darwin-x64": {
      "version": "0.5.29",
      "resolved": "https://registry.npmjs.org/@libsql/darwin-x64/-/darwin-x64-0.5.29.tgz",
      "integrity": "sha512-OtT+KFHsKFy1R5FVadr8FJ2Bb1mghtXTyJkxv0trocq7NuHntSki1eUbxpO5ezJesDvBlqFjnWaYYY516QNLhQ==",
      "cpu": [
        "x64"
      ],
      "license": "MIT",
      "optional": true,
      "os": [
        "darwin"
      ]
    },
    "node_modules/@libsql/hrana-client": {
      "version": "0.10.0",
      "resolved": "https://registry.npmjs.org/@libsql/hrana-client/-/hrana-client-0.10.0.tgz",
      "integrity": "sha512-OoA4EMqRAC7kn7V2P6EQqRcpZf2W+AjsNIyCizBg339Tq/aMC7sRnzs3SklderhmQWAqEzvv8A2vhxVmWpkVvw==",
      "license": "MIT",
      "dependencies": {
        "@libsql/isomorphic-ws": "^0.1.5",
        "js-base64": "^3.7.5"
      }
    },
    "node_modules/@libsql/isomorphic-ws": {
      "version": "0.1.5",
      "resolved": "https://registry.npmjs.org/@libsql/isomorphic-ws/-/isomorphic-ws-0.1.5.tgz",
      "integrity": "sha512-DtLWIH29onUYR00i0GlQ3UdcTRC6EP4u9w/h9LxpUZJWRMARk6dQwZ6Jkd+QdwVpuAOrdxt18v0K2uIYR3fwFg==",
      "license": "MIT",
      "dependencies": {
        "@types/ws": "^8.5.4",
        "ws": "^8.13.0"
      }
    },
    "node_modules/@libsql/linux-arm-gnueabihf": {
      "version": "0.5.29",
      "resolved": "https://registry.npmjs.org/@libsql/linux-arm-gnueabihf/-/linux-arm-gnueabihf-0.5.29.tgz",
      "integrity": "sha512-CD4n4zj7SJTHso4nf5cuMoWoMSS7asn5hHygsDuhRl8jjjCTT3yE+xdUvI4J7zsyb53VO5ISh4cwwOtf6k2UhQ==",
      "cpu": [
        "arm"
      ],
      "license": "MIT",
      "optional": true,
      "os": [
        "linux"
      ]
    },
    "node_modules/@libsql/linux-arm-musleabihf": {
      "version": "0.5.29",
      "resolved": "https://registry.npmjs.org/@libsql/linux-arm-musleabihf/-/linux-arm-musleabihf-0.5.29.tgz",
      "integrity": "sha512-2Z9qBVpEJV7OeflzIR3+l5yAd4uTOLxklScYTwpZnkm2vDSGlC1PRlueLaufc4EFITkLKXK2MWBpexuNJfMVcg==",
      "cpu": [
        "arm"
      ],
      "license": "MIT",
      "optional": true,
      "os": [
        "linux"
      ]
    },
    "node_modules/@libsql/linux-arm64-gnu": {
      "version": "0.5.29",
      "resolved": "https://registry.npmjs.org/@libsql/linux-arm64-gnu/-/linux-arm64-gnu-0.5.29.tgz",
      "integrity": "sha512-gURBqaiXIGGwFNEaUj8Ldk7Hps4STtG+31aEidCk5evMMdtsdfL3HPCpvys+ZF/tkOs2MWlRWoSq7SOuCE9k3w==",
      "cpu": [
        "arm64"
      ],
      "license": "MIT",
      "optional": true,
      "os": [
        "linux"
      ]
    },
    "node_modules/@libsql/linux-arm64-musl": {
      "version": "0.5.29",
      "resolved": "https://registry.npmjs.org/@libsql/linux-arm64-musl/-/linux-arm64-musl-0.5.29.tgz",
      "integrity": "sha512-fwgYZ0H8mUkyVqXZHF3mT/92iIh1N94Owi/f66cPVNsk9BdGKq5gVpoKO+7UxaNzuEH1roJp2QEwsCZMvBLpqg==",
      "cpu": [
        "arm64"
      ],
      "license": "MIT",
      "optional": true,
      "os": [
        "linux"
      ]
    },
    "node_modules/@libsql/linux-x64-gnu": {
      "version": "0.5.29",
      "resolved": "https://registry.npmjs.org/@libsql/linux-x64-gnu/-/linux-x64-gnu-0.5.29.tgz",
      "integrity": "sha512-y14V0vY0nmMC6G0pHeJcEarcnGU2H6cm21ZceRkacWHvQAEhAG0latQkCtoS2njFOXiYIg+JYPfAoWKbi82rkg==",
      "cpu": [
        "x64"
      ],
      "license": "MIT",
      "optional": true,
      "os": [
        "linux"
      ]
    },
    "node_modules/@libsql/linux-x64-musl": {
      "version": "0.5.29",
      "resolved": "https://registry.npmjs.org/@libsql/linux-x64-musl/-/linux-x64-musl-0.5.29.tgz",
      "integrity": "sha512-gquqwA/39tH4pFl+J9n3SOMSymjX+6kZ3kWgY3b94nXFTwac9bnFNMffIomgvlFaC4ArVqMnOZD3nuJ3H3VO1w==",
      "cpu": [
        "x64"
      ],
      "license": "MIT",
      "optional": true,
      "os": [
        "linux"
      ]
    },
    "node_modules/@libsql/win32-x64-msvc": {
      "version": "0.5.29",
      "resolved": "https://registry.npmjs.org/@libsql/win32-x64-msvc/-/win32-x64-msvc-0.5.29.tgz",
      "integrity": "sha512-4/0CvEdhi6+KjMxMaVbFM2n2Z44escBRoEYpR+gZg64DdetzGnYm8mcNLcoySaDJZNaBd6wz5DNdgRmcI4hXcg==",
      "cpu": [
        "x64"
      ],
      "license": "MIT",
      "optional": true,
      "os": [
        "win32"
      ]
    },
    "node_modules/@neon-rs/load": {
      "version": "0.0.4",
      "resolved": "https://registry.npmjs.org/@neon-rs/load/-/load-0.0.4.tgz",
      "integrity": "sha512-kTPhdZyTQxB+2wpiRcFWrDcejc4JI6tkPuS7UZCG4l6Zvc5kU/gGQ/ozvHTh1XR5tS+UlfAfGuPajjzQjCiHCw==",
      "license": "MIT"
    },
    "node_modules/@selderee/plugin-htmlparser2": {
      "version": "0.12.0",
      "resolved": "https://registry.npmjs.org/@selderee/plugin-htmlparser2/-/plugin-htmlparser2-0.12.0.tgz",
      "integrity": "sha512-oELmoyA6ML9jDRMV3kgcMQFKxUfBU0yFVn6yTctVaLT5ygXnxH52I3TZEgV9EhXJC68/uFvE5Daj1/25c0Xa/A==",
      "license": "MIT",
      "dependencies": {
        "domelementtype": "~2.3.0",
        "domhandler": "~5.0.3"
      },
      "funding": {
        "url": "https://github.com/sponsors/KillyMXI"
      },
      "peerDependencies": {
        "selderee": "~0.12.0"
      }
    },
    "node_modules/@types/node": {
      "version": "26.0.0",
      "resolved": "https://registry.npmjs.org/@types/node/-/node-26.0.0.tgz",
      "integrity": "sha512-vf2YFi1iY9lHGwNJMs01biZFbKJkrZR1T6/MlzjhJLPdntOHLhTrDSnSVcdtvjihi4VQNlrFRIxLsDBlQpAipA==",
      "license": "MIT",
      "dependencies": {
        "undici-types": "~8.3.0"
      }
    },
    "node_modules/@types/ws": {
      "version": "8.18.1",
      "resolved": "https://registry.npmjs.org/@types/ws/-/ws-8.18.1.tgz",
      "integrity": "sha512-ThVF6DCVhA8kUGy+aazFQ4kXQ7E1Ty7A3ypFOe0IcJV8O/M511G99AW24irKrW56Wt44yG9+ij8FaqoBGkuBXg==",
      "license": "MIT",
      "dependencies": {
        "@types/node": "*"
      }
    },
    "node_modules/@zone-eu/mailsplit": {
      "version": "5.4.19",
      "resolved": "https://registry.npmjs.org/@zone-eu/mailsplit/-/mailsplit-5.4.19.tgz",
      "integrity": "sha512-nDWzw+X3tqfwd7DpDThAjg3KqtrNA6bG2gkrf6m2j1JBaGyyKAZzu1TguzB4GEco+HYpXAbXZ7kbl4Sn8H1vXw==",
      "license": "(MIT OR EUPL-1.1+)",
      "dependencies": {
        "libbase64": "1.3.1",
        "libmime": "5.4.6",
        "libqp": "2.1.2"
      }
    },
    "node_modules/adm-zip": {
      "version": "0.6.1",
      "resolved": "https://registry.npmjs.org/adm-zip/-/adm-zip-0.6.1.tgz",
      "integrity": "sha512-Xwrja8nx9e5o2N1my4DsKCeKpdrnACyr1wtbPxBDgGzKzKyE9kRtBFA8mWldI+RVlD7CBZNWY/wQ2+ydwOR6kQ==",
      "license": "MIT",
      "engines": {
        "node": ">=14.0"
      }
    },
    "node_modules/deepmerge-ts": {
      "version": "8.0.2",
      "resolved": "https://registry.npmjs.org/deepmerge-ts/-/deepmerge-ts-8.0.2.tgz",
      "integrity": "sha512-uqbvqLUMrc6p0MO+WBRtTxY55hmyh94WRwI5a++PZe54X+bfVh59FSN7uWCBCW1CCVjzjnrwzfI8zidE2obMMw==",
      "funding": [
        {
          "type": "ko-fi",
          "url": "https://ko-fi.com/rebeccastevens"
        },
        {
          "type": "tidelift",
          "url": "https://tidelift.com/funding/github/npm/deepmerge-ts"
        }
      ],
      "license": "BSD-3-Clause",
      "engines": {
        "node": ">=16.9.0"
      }
    },
    "node_modules/detect-libc": {
      "version": "2.0.2",
      "resolved": "https://registry.npmjs.org/detect-libc/-/detect-libc-2.0.2.tgz",
      "integrity": "sha512-UX6sGumvvqSaXgdKGUsgZWqcUyIXZ/vZTrlRT/iobiKhGL0zL4d3osHj3uqllWJK+i+sixDS/3COVEOFbupFyw==",
      "license": "Apache-2.0",
      "engines": {
        "node": ">=8"
      }
    },
    "node_modules/dom-serializer": {
      "version": "2.0.0",
      "resolved": "https://registry.npmjs.org/dom-serializer/-/dom-serializer-2.0.0.tgz",
      "integrity": "sha512-wIkAryiqt/nV5EQKqQpo3SToSOV9J0DnbJqwK7Wv/Trc92zIAYZ4FlMu+JPFW1DfGFt81ZTCGgDEabffXeLyJg==",
      "license": "MIT",
      "dependencies": {
        "domelementtype": "^2.3.0",
        "domhandler": "^5.0.2",
        "entities": "^4.2.0"
      },
      "funding": {
        "url": "https://github.com/cheeriojs/dom-serializer?sponsor=1"
      }
    },
    "node_modules/domelementtype": {
      "version": "2.3.0",
      "resolved": "https://registry.npmjs.org/domelementtype/-/domelementtype-2.3.0.tgz",
      "integrity": "sha512-OLETBj6w0OsagBwdXnPdN0cnMfF9opN69co+7ZrbfPGrdpPVNBUj02spi6B1N7wChLQiPn4CSH/zJvXw56gmHw==",
      "funding": [
        {
          "type": "github",
          "url": "https://github.com/sponsors/fb55"
        }
      ],
      "license": "BSD-2-Clause"
    },
    "node_modules/domhandler": {
      "version": "5.0.3",
      "resolved": "https://registry.npmjs.org/domhandler/-/domhandler-5.0.3.tgz",
      "integrity": "sha512-cgwlv/1iFQiFnU96XXgROh8xTeetsnJiDsTc7TYCLFd9+/WNkIqPTxiM/8pSd8VIrhXGTf1Ny1q1hquVqDJB5w==",
      "license": "BSD-2-Clause",
      "dependencies": {
        "domelementtype": "^2.3.0"
      },
      "engines": {
        "node": ">= 4"
      },
      "funding": {
        "url": "https://github.com/fb55/domhandler?sponsor=1"
      }
    },
    "node_modules/domutils": {
      "version": "3.2.2",
      "resolved": "https://registry.npmjs.org/domutils/-/domutils-3.2.2.tgz",
      "integrity": "sha512-6kZKyUajlDuqlHKVX1w7gyslj9MPIXzIFiz/rGu35uC1wMi+kMhQwGhl4lt9unC9Vb9INnY9Z3/ZA3+FhASLaw==",
      "license": "BSD-2-Clause",
      "dependencies": {
        "dom-serializer": "^2.0.0",
        "domelementtype": "^2.3.0",
        "domhandler": "^5.0.3"
      },
      "funding": {
        "url": "https://github.com/fb55/domutils?sponsor=1"
      }
    },
    "node_modules/encoding-japanese": {
      "version": "2.4.0",
      "resolved": "https://registry.npmjs.org/encoding-japanese/-/encoding-japanese-2.4.0.tgz",
      "integrity": "sha512-PE0KjlsDy9JSsoU4C2Q8NXb1kC4c+bZRac9ZvHXUE4q1Ht63gScKMdEy9jst9+Fi3M4eDkqzkEhBZvix4blP2A==",
      "license": "MIT",
      "engines": {
        "node": ">=18.0.0"
      }
    },
    "node_modules/entities": {
      "version": "4.5.0",
      "resolved": "https://registry.npmjs.org/entities/-/entities-4.5.0.tgz",
      "integrity": "sha512-V0hjH4dGPh9Ao5p0MoRY6BVqtwCjhz6vI5LT8AJ55H+4g9/4vbHx1I54fS0XuclLhDHArPQCiMjDxjaL8fPxhw==",
      "license": "BSD-2-Clause",
      "engines": {
        "node": ">=0.12"
      },
      "funding": {
        "url": "https://github.com/fb55/entities?sponsor=1"
      }
    },
    "node_modules/he": {
      "version": "1.2.0",
      "resolved": "https://registry.npmjs.org/he/-/he-1.2.0.tgz",
      "integrity": "sha512-F/1DnUGPopORZi0ni+CvrCgHQ5FyEAHRLSApuYWMmrbSwoN2Mn/7k+Gl38gJnR7yyDZk6WLXwiGod1JOWNDKGw==",
      "license": "MIT",
      "bin": {
        "he": "bin/he"
      }
    },
    "node_modules/html-to-text": {
      "version": "10.0.1",
      "resolved": "https://registry.npmjs.org/html-to-text/-/html-to-text-10.0.1.tgz",
      "integrity": "sha512-GiVhRI1BatGARSCmlXWNCjDT0cWrwBWoeduLoV0WSKAgaV/wa+hUWy5LiQLUs4UwiUrE52ZCMfBGiKD87TDPrg==",
      "license": "MIT",
      "dependencies": {
        "@selderee/plugin-htmlparser2": "~0.12.0",
        "deepmerge-ts": "^8.0.1",
        "dom-serializer": "^2.0.0",
        "htmlparser2": "^10.1.0",
        "selderee": "~0.12.0"
      },
      "engines": {
        "node": ">=20.19.0"
      },
      "funding": {
        "url": "https://github.com/sponsors/KillyMXI"
      }
    },
    "node_modules/htmlparser2": {
      "version": "10.1.0",
      "resolved": "https://registry.npmjs.org/htmlparser2/-/htmlparser2-10.1.0.tgz",
      "integrity": "sha512-VTZkM9GWRAtEpveh7MSF6SjjrpNVNNVJfFup7xTY3UpFtm67foy9HDVXneLtFVt4pMz5kZtgNcvCniNFb1hlEQ==",
      "funding": [
        "https://github.com/fb55/htmlparser2?sponsor=1",
        {
          "type": "github",
          "url": "https://github.com/sponsors/fb55"
        }
      ],
      "license": "MIT",
      "dependencies": {
        "domelementtype": "^2.3.0",
        "domhandler": "^5.0.3",
        "domutils": "^3.2.2",
        "entities": "^7.0.1"
      }
    },
    "node_modules/htmlparser2/node_modules/entities": {
      "version": "7.0.1",
      "resolved": "https://registry.npmjs.org/entities/-/entities-7.0.1.tgz",
      "integrity": "sha512-TWrgLOFUQTH994YUyl1yT4uyavY5nNB5muff+RtWaqNVCAK408b5ZnnbNAUEWLTCpum9w6arT70i1XdQ4UeOPA==",
      "license": "BSD-2-Clause",
      "engines": {
        "node": ">=0.12"
      },
      "funding": {
        "url": "https://github.com/fb55/entities?sponsor=1"
      }
    },
    "node_modules/iconv-lite": {
      "version": "0.7.3",
      "resolved": "https://registry.npmjs.org/iconv-lite/-/iconv-lite-0.7.3.tgz",
      "integrity": "sha512-IKXpvIzjnC9XTAUbVBcMfGS0EPaIXtW6v+zr+RRp+hqULEpo0owZax6wyRwPOJbWbzjYspQwusTsfVr0ifh4uQ==",
      "license": "MIT",
      "dependencies": {
        "safer-buffer": ">= 2.1.2 < 3.0.0"
      },
      "engines": {
        "node": ">=0.10.0"
      },
      "funding": {
        "type": "opencollective",
        "url": "https://opencollective.com/express"
      }
    },
    "node_modules/ipv6-normalize": {
      "version": "1.0.1",
      "resolved": "https://registry.npmjs.org/ipv6-normalize/-/ipv6-normalize-1.0.1.tgz",
      "integrity": "sha512-Bm6H79i01DjgGTCWjUuCjJ6QDo1HB96PT/xCYuyJUP9WFbVDrLSbG4EZCvOCun2rNswZb0c3e4Jt/ws795esHA==",
      "license": "MIT"
    },
    "node_modules/jose": {
      "version": "6.2.12",
      "resolved": "https://registry.npmjs.org/jose/-/jose-6.2.12.tgz",
      "integrity": "sha512-9NiFmJEex0sy2Dk58j2UGBSHgUs2ypF9eZSu4L6vjOX3Dp96Sw1F3uL+H+D1sx02jZZdzUT0HgvCy59CuvXcWw==",
      "license": "MIT",
      "funding": {
        "url": "https://github.com/sponsors/panva"
      }
    },
    "node_modules/js-base64": {
      "version": "3.7.8",
      "resolved": "https://registry.npmjs.org/js-base64/-/js-base64-3.7.8.tgz",
      "integrity": "sha512-hNngCeKxIUQiEUN3GPJOkz4wF/YvdUdbNL9hsBcMQTkKzboD7T/q3OYOuuPZLUE6dBxSGpwhk5mwuDud7JVAow==",
      "license": "BSD-3-Clause"
    },
    "node_modules/koffi": {
      "version": "3.2.1",
      "resolved": "https://registry.npmjs.org/koffi/-/koffi-3.2.1.tgz",
      "integrity": "sha512-0qE3lZ8jllRqPN4Ob6Ajl7c2bJSJDhQWuKLGP5hIEpHLllJWv1ydHFMhHmHc5p/W9GticKVDbYzZd7TBoQ4CZg==",
      "hasInstallScript": true,
      "license": "MIT",
      "funding": {
        "url": "https://liberapay.com/Koromix"
      },
      "optionalDependencies": {
        "@koromix/koffi-android-arm64": "3.2.1",
        "@koromix/koffi-android-x64": "3.2.1",
        "@koromix/koffi-darwin-arm64": "3.2.1",
        "@koromix/koffi-darwin-x64": "3.2.1",
        "@koromix/koffi-freebsd-arm64": "3.2.1",
        "@koromix/koffi-freebsd-ia32": "3.2.1",
        "@koromix/koffi-freebsd-x64": "3.2.1",
        "@koromix/koffi-linux-arm": "3.2.1",
        "@koromix/koffi-linux-arm64": "3.2.1",
        "@koromix/koffi-linux-ia32": "3.2.1",
        "@koromix/koffi-linux-loong64": "3.2.1",
        "@koromix/koffi-linux-riscv64": "3.2.1",
        "@koromix/koffi-linux-x64": "3.2.1",
        "@koromix/koffi-openbsd-ia32": "3.2.1",
        "@koromix/koffi-openbsd-x64": "3.2.1",
        "@koromix/koffi-win32-arm64": "3.2.1",
        "@koromix/koffi-win32-ia32": "3.2.1",
        "@koromix/koffi-win32-x64": "3.2.1"
      }
    },
    "node_modules/leac": {
      "version": "0.7.0",
      "resolved": "https://registry.npmjs.org/leac/-/leac-0.7.0.tgz",
      "integrity": "sha512-qMrZeyEekgdRQ9o6a4NAB2EQZrv827GJdn1vnapwSJ90hWRB4TzUSunvacPkxQ2TnNqHNI1/zSt0hlo0crG8Jw==",
      "license": "MIT",
      "funding": {
        "url": "https://github.com/sponsors/KillyMXI"
      }
    },
    "node_modules/libbase64": {
      "version": "1.3.1",
      "resolved": "https://registry.npmjs.org/libbase64/-/libbase64-1.3.1.tgz",
      "integrity": "sha512-1b9LXEjEtXj35YKOR9RqNKBootlb37qbIzmqiw4MsP52cjOsfR6i/AYU1Y8qN4kV2TJQmLJ5aiXn45qI6h+Szw==",
      "license": "MIT"
    },
    "node_modules/libmime": {
      "version": "5.4.6",
      "resolved": "https://registry.npmjs.org/libmime/-/libmime-5.4.6.tgz",
      "integrity": "sha512-Cgx1vHd76GTwDaLNsl0K44CjNFfhkX/1bMcoruoWr8Ugcl0/zMw7x/8NpZERIOcpGyzlQo10tOEw9goGsv2Wlg==",
      "license": "MIT",
      "dependencies": {
        "encoding-japanese": "2.4.0",
        "iconv-lite": "0.7.3",
        "libbase64": "1.3.1",
        "libqp": "2.1.2"
      }
    },
    "node_modules/libqp": {
      "version": "2.1.2",
      "resolved": "https://registry.npmjs.org/libqp/-/libqp-2.1.2.tgz",
      "integrity": "sha512-rp+U80tl9Os4K7GnVbPzPRmghPu6eqB8rcF+ontvNAnoga0JhMFG/bkTD/reC8yoznKMgOc5/ttZHJasiWeFPw==",
      "license": "MIT"
    },
    "node_modules/libsql": {
      "version": "0.5.29",
      "resolved": "https://registry.npmjs.org/libsql/-/libsql-0.5.29.tgz",
      "integrity": "sha512-8lMP8iMgiBzzoNbAPQ59qdVcj6UaE/Vnm+fiwX4doX4Narook0a4GPKWBEv+CR8a1OwbfkgL18uBfBjWdF0Fzg==",
      "cpu": [
        "x64",
        "arm64",
        "wasm32",
        "arm"
      ],
      "license": "MIT",
      "os": [
        "darwin",
        "linux",
        "win32"
      ],
      "dependencies": {
        "@neon-rs/load": "^0.0.4",
        "detect-libc": "2.0.2"
      },
      "optionalDependencies": {
        "@libsql/darwin-arm64": "0.5.29",
        "@libsql/darwin-x64": "0.5.29",
        "@libsql/linux-arm-gnueabihf": "0.5.29",
        "@libsql/linux-arm-musleabihf": "0.5.29",
        "@libsql/linux-arm64-gnu": "0.5.29",
        "@libsql/linux-arm64-musl": "0.5.29",
        "@libsql/linux-x64-gnu": "0.5.29",
        "@libsql/linux-x64-musl": "0.5.29",
        "@libsql/win32-x64-msvc": "0.5.29"
      }
    },
    "node_modules/linkify-it": {
      "version": "5.0.2",
      "resolved": "https://registry.npmjs.org/linkify-it/-/linkify-it-5.0.2.tgz",
      "integrity": "sha512-ONTm2jCMAVZjgQa/Fy1kScXsuOoF5NPTsoFBdE1KVIZ2vAh/r9+Bqo+0jINCBYnavTPQZz38QzFTme79ENoN3Q==",
      "funding": [
        {
          "type": "github",
          "url": "https://github.com/sponsors/puzrin"
        },
        {
          "type": "github",
          "url": "https://github.com/sponsors/markdown-it"
        }
      ],
      "license": "MIT",
      "dependencies": {
        "uc.micro": "^2.0.0"
      }
    },
    "node_modules/mailparser": {
      "version": "3.9.32",
      "resolved": "https://registry.npmjs.org/mailparser/-/mailparser-3.9.32.tgz",
      "integrity": "sha512-Ui9+Ln9ao8Smghk6SB3nAujV1AgWbjJVK0sWtaMFKBz7UpRIZi7XuCKls6EdY95hLkjBaaPziyYCyKHh/zoK8A==",
      "license": "MIT",
      "dependencies": {
        "@zone-eu/mailsplit": "5.4.19",
        "encoding-japanese": "2.4.0",
        "he": "1.2.0",
        "html-to-text": "10.0.1",
        "iconv-lite": "0.7.3",
        "libmime": "5.4.6",
        "linkify-it": "5.0.2",
        "nodemailer": "10.0.13",
        "punycode.js": "2.3.1",
        "tlds": "1.261.0"
      },
      "engines": {
        "node": ">=20.0.0"
      }
    },
    "node_modules/nodemailer": {
      "version": "10.0.13",
      "resolved": "https://registry.npmjs.org/nodemailer/-/nodemailer-10.0.13.tgz",
      "integrity": "sha512-SzG86OlvcW/NNhUFC6uROMwRTL4n7MswfQqC/T8mhkmnY1YVa23zUEMYi4ijSeXSl9GLz9ZeTJDUatEDuY5FeQ==",
      "license": "MIT-0",
      "engines": {
        "node": ">=20.0.0"
      }
    },
    "node_modules/parseley": {
      "version": "0.13.1",
      "resolved": "https://registry.npmjs.org/parseley/-/parseley-0.13.1.tgz",
      "integrity": "sha512-uNBJZzmb60l6p6VWLTmevizNAGnE0xoSf1n0B4q3ntegDNzcS68NRCcBDZTcyXHxt2XhBChsCuqj4M+nChvE/A==",
      "license": "MIT",
      "dependencies": {
        "leac": "^0.7.0",
        "peberminta": "^0.10.0"
      },
      "funding": {
        "url": "https://github.com/sponsors/KillyMXI"
      }
    },
    "node_modules/peberminta": {
      "version": "0.10.0",
      "resolved": "https://registry.npmjs.org/peberminta/-/peberminta-0.10.0.tgz",
      "integrity": "sha512-80B2AsU+I4Qdb0ZAPSfe9UwvGzwkM37IKIFEvdS3D/3Ndgv2bsuJ0bfG1+iEYO+l7Gfd4EUJmuRyq7efLgRMzQ==",
      "license": "MIT",
      "funding": {
        "url": "https://github.com/sponsors/KillyMXI"
      }
    },
    "node_modules/promise-limit": {
      "version": "2.7.0",
      "resolved": "https://registry.npmjs.org/promise-limit/-/promise-limit-2.7.0.tgz",
      "integrity": "sha512-7nJ6v5lnJsXwGprnGXga4wx6d1POjvi5Qmf1ivTRxTjH4Z/9Czja/UCMLVmB9N93GeWOU93XaFaEt6jbuoagNw==",
      "license": "ISC"
    },
    "node_modules/punycode.js": {
      "version": "2.3.1",
      "resolved": "https://registry.npmjs.org/punycode.js/-/punycode.js-2.3.1.tgz",
      "integrity": "sha512-uxFIHU0YlHYhDQtV4R9J6a52SLx28BCjT+4ieh7IGbgwVJWO+km431c4yRlREUAsAmt/uMjQUyQHNEPf0M39CA==",
      "license": "MIT",
      "engines": {
        "node": ">=6"
      }
    },
    "node_modules/safer-buffer": {
      "version": "2.1.2",
      "resolved": "https://registry.npmjs.org/safer-buffer/-/safer-buffer-2.1.2.tgz",
      "integrity": "sha512-YZo3K82SD7Riyi0E1EQPojLz7kpepnSQI9IyPbHHg1XXXevb5dJI7tpyN2ADxGcQbHG7vcyRHk0cbwqcQriUtg==",
      "license": "MIT"
    },
    "node_modules/selderee": {
      "version": "0.12.0",
      "resolved": "https://registry.npmjs.org/selderee/-/selderee-0.12.0.tgz",
      "integrity": "sha512-b1YMh3+DHZp59DLna3qVwQ5iOla/nrI6mLBNW02XxU77M3046Df6VLkoaJyFz20VsGIG5kkp+FK0kg4K4HnUFw==",
      "license": "MIT",
      "dependencies": {
        "parseley": "~0.13.1"
      },
      "funding": {
        "url": "https://github.com/sponsors/KillyMXI"
      }
    },
    "node_modules/smtp-server": {
      "version": "3.19.16",
      "resolved": "https://registry.npmjs.org/smtp-server/-/smtp-server-3.19.16.tgz",
      "integrity": "sha512-EAO7FiexdU+s/IiW92MIRDSOaVTGF2skmXEpSvl+A+NDMDLnv+NnoYpmEh+7kmARU1F1NTTe3am35IBMEEnN1w==",
      "license": "MIT-0",
      "dependencies": {
        "ipv6-normalize": "1.0.1",
        "nodemailer": "10.0.13",
        "punycode.js": "2.3.1"
      },
      "engines": {
        "node": ">=20.0.0"
      }
    },
    "node_modules/tlds": {
      "version": "1.261.0",
      "resolved": "https://registry.npmjs.org/tlds/-/tlds-1.261.0.tgz",
      "integrity": "sha512-QXqwfEl9ddlGBaRFXIvNKK6OhipSiLXuRuLJX5DErz0o0Q0rYxulWLdFryTkV5PkdZct5iMInwYEGe/eR++1AA==",
      "license": "MIT",
      "bin": {
        "tlds": "bin.js"
      }
    },
    "node_modules/uc.micro": {
      "version": "2.1.0",
      "resolved": "https://registry.npmjs.org/uc.micro/-/uc.micro-2.1.0.tgz",
      "integrity": "sha512-ARDJmphmdvUk6Glw7y9DQ2bFkKBHwQHLi2lsaH6PPmz/Ka9sFOBsBluozhDltWmnv9u/cF6Rt87znRTPV+yp/A==",
      "license": "MIT"
    },
    "node_modules/undici-types": {
      "version": "8.3.0",
      "resolved": "https://registry.npmjs.org/undici-types/-/undici-types-8.3.0.tgz",
      "integrity": "sha512-j375ScV60dom+YkPFIfTLcOiPxkN/buHz5GobjLhixFuANaNs3C9l4GmrWqejgXWJ7BbJcFYpTEUkS1Ge8bpZQ==",
      "license": "MIT"
    },
    "node_modules/vscode-jsonrpc": {
      "version": "8.2.1",
      "resolved": "https://registry.npmjs.org/vscode-jsonrpc/-/vscode-jsonrpc-8.2.1.tgz",
      "integrity": "sha512-kdjOSJ2lLIn7r1rtrMbbNCHjyMPfRnowdKjBQ+mGq6NAW5QY2bEZC/khaC5OR8svbbjvLEaIXkOq45e2X9BIbQ==",
      "license": "MIT",
      "engines": {
        "node": ">=14.0.0"
      }
    },
    "node_modules/ws": {
      "version": "8.21.0",
      "resolved": "https://registry.npmjs.org/ws/-/ws-8.21.0.tgz",
      "integrity": "sha512-Vsp28b7DRcimFQvrqu2Wek3z1iYxDCWqHYB8Qsnk/S4RfaCQzPGPyBNuVjJV3cd6UiKtUtp6sNM77gWvzcCH+g==",
      "license": "MIT",
      "engines": {
        "node": ">=10.0.0"
      },
      "peerDependencies": {
        "bufferutil": "^4.0.1",
        "utf-8-validate": ">=5.0.2"
      },
      "peerDependenciesMeta": {
        "bufferutil": {
          "optional": true
        },
        "utf-8-validate": {
          "optional": true
        }
      }
    },
    "node_modules/zod": {
      "version": "4.3.6",
      "resolved": "https://registry.npmjs.org/zod/-/zod-4.3.6.tgz",
      "integrity": "sha512-rftlrkhHZOcjDwkGlnUtZZkvaPHCsDATp4pGpuOOMDaTdDDXF91wuVDJoWoPsKX/3YPQ5fHuF3STjcYyKr+Qhg==",
      "license": "MIT",
      "funding": {
        "url": "https://github.com/sponsors/colinhacks"
      }
    }
  }
}
